// !$*UTF8*$!
{
	archiveVersion = 1;
	classes = {
	};
	objectVersion = 56;
	objects = {

/* Begin PBXBuildFile section */
		626563772A2E9EEE00D45247 /* EventCollectionViewController.swift in Sources */ = {isa = PBXBuildFile; fileRef = 626563762A2E9EED00D45247 /* EventCollectionViewController.swift */; };
		626563792A2EA19C00D45247 /* Manager.swift in Sources */ = {isa = PBXBuildFile; fileRef = 626563782A2EA19C00D45247 /* Manager.swift */; };
		6265637B2A2EA45900D45247 /* Event.swift in Sources */ = {isa = PBXBuildFile; fileRef = 6265637A2A2EA45900D45247 /* Event.swift */; };
		6265637D2A2EA4A100D45247 /* Task.swift in Sources */ = {isa = PBXBuildFile; fileRef = 6265637C2A2EA4A100D45247 /* Task.swift */; };
		6265637F2A2EB82200D45247 /* EventCollectionViewCell.swift in Sources */ = {isa = PBXBuildFile; fileRef = 6265637E2A2EB82200D45247 /* EventCollectionViewCell.swift */; };
		626563832A3008B300D45247 /* EventDetailViewController.swift in Sources */ = {isa = PBXBuildFile; fileRef = 626563822A3008B300D45247 /* EventDetailViewController.swift */; };
		626563872A341ACB00D45247 /* TaskTableViewCell.swift in Sources */ = {isa = PBXBuildFile; fileRef = 626563862A341ACB00D45247 /* TaskTableViewCell.swift */; };
		626563892A34483E00D45247 /* NotificationTableViewController.swift in Sources */ = {isa = PBXBuildFile; fileRef = 626563882A34483E00D45247 /* NotificationTableViewController.swift */; };
		62C055282A2E8F980071331F /* AppDelegate.swift in Sources */ = {isa = PBXBuildFile; fileRef = 62C055272A2E8F980071331F /* AppDelegate.swift */; };
		62C0552A2A2E8F980071331F /* SceneDelegate.swift in Sources */ = {isa = PBXBuildFile; fileRef = 62C055292A2E8F980071331F /* SceneDelegate.swift */; };
		62C0552C2A2E8F980071331F /* ViewController.swift in Sources */ = {isa = PBXBuildFile; fileRef = 62C0552B2A2E8F980071331F /* ViewController.swift */; };
		62C0552F2A2E8F980071331F /* Main.storyboard in Resources */ = {isa = PBXBuildFile; fileRef = 62C0552D2A2E8F980071331F /* Main.storyboard */; };
		62C055312A2E8F990071331F /* Assets.xcassets in Resources */ = {isa = PBXBuildFile; fileRef = 62C055302A2E8F990071331F /* Assets.xcassets */; };
		62C055342A2E8F990071331F /* LaunchScreen.storyboard in Resources */ = {isa = PBXBuildFile; fileRef = 62C055322A2E8F990071331F /* LaunchScreen.storyboard */; };
/* End PBXBuildFile section */

/* Begin PBXFileReference section */
		626563762A2E9EED00D45247 /* EventCollectionViewController.swift */ = {isa = PBXFileReference; lastKnownFileType = sourcecode.swift; path = EventCollectionViewController.swift; sourceTree = "<group>"; };
		626563782A2EA19C00D45247 /* Manager.swift */ = {isa = PBXFileReference; lastKnownFileType = sourcecode.swift; path = Manager.swift; sourceTree = "<group>"; };
		6265637A2A2EA45900D45247 /* Event.swift */ = {isa = PBXFileReference; lastKnownFileType = sourcecode.swift; path = Event.swift; sourceTree = "<group>"; };
		6265637C2A2EA4A100D45247 /* Task.swift */ = {isa = PBXFileReference; lastKnownFileType = sourcecode.swift; path = Task.swift; sourceTree = "<group>"; };
		6265637E2A2EB82200D45247 /* EventCollectionViewCell.swift */ = {isa = PBXFileReference; lastKnownFileType = sourcecode.swift; path = EventCollectionViewCell.swift; sourceTree = "<group>"; };
		626563822A3008B300D45247 /* EventDetailViewController.swift */ = {isa = PBXFileReference; lastKnownFileType = sourcecode.swift; path = EventDetailViewController.swift; sourceTree = "<group>"; };
		626563862A341ACB00D45247 /* TaskTableViewCell.swift */ = {isa = PBXFileReference; lastKnownFileType = sourcecode.swift; path = TaskTableViewCell.swift; sourceTree = "<group>"; };
		626563882A34483E00D45247 /* NotificationTableViewController.swift */ = {isa = PBXFileReference; lastKnownFileType = sourcecode.swift; path = NotificationTableViewController.swift; sourceTree = "<group>"; };
		62C055242A2E8F980071331F /* CountingDown.app */ = {isa = PBXFileReference; explicitFileType = wrapper.application; includeInIndex = 0; path = CountingDown.app; sourceTree = BUILT_PRODUCTS_DIR; };
		62C055272A2E8F980071331F /* AppDelegate.swift */ = {isa = PBXFileReference; lastKnownFileType = sourcecode.swift; path = AppDelegate.swift; sourceTree = "<group>"; };
		62C055292A2E8F980071331F /* SceneDelegate.swift */ = {isa = PBXFileReference; lastKnownFileType = sourcecode.swift; path = SceneDelegate.swift; sourceTree = "<group>"; };
		62C0552B2A2E8F980071331F /* ViewController.swift */ = {isa = PBXFileReference; lastKnownFileType = sourcecode.swift; path = ViewController.swift; sourceTree = "<group>"; };
		62C0552E2A2E8F980071331F /* Base */ = {isa = PBXFileReference; lastKnownFileType = file.storyboard; name = Base; path = Base.lproj/Main.storyboard; sourceTree = "<group>"; };
		62C055302A2E8F990071331F /* Assets.xcassets */ = {isa = PBXFileReference; lastKnownFileType = folder.assetcatalog; path = Assets.xcassets; sourceTree = "<group>"; };
		62C055332A2E8F990071331F /* Base */ = {isa = PBXFileReference; lastKnownFileType = file.storyboard; name = Base; path = Base.lproj/LaunchScreen.storyboard; sourceTree = "<group>"; };
		62C055352A2E8F990071331F /* Info.plist */ = {isa = PBXFileReference; lastKnownFileType = text.plist.xml; path = Info.plist; sourceTree = "<group>"; };
/* End PBXFileReference section */

/* Begin PBXFrameworksBuildPhase section */
		62C055212A2E8F980071331F /* Frameworks */ = {
			isa = PBXFrameworksBuildPhase;
			buildActionMask = 2147483647;
			files = (
			);
			runOnlyForDeploymentPostprocessing = 0;
		};
/* End PBXFrameworksBuildPhase section */

/* Begin PBXGroup section */
		62C0551B2A2E8F980071331F = {
			isa = PBXGroup;
			children = (
				62C055262A2E8F980071331F /* CountingDown */,
				62C055252A2E8F980071331F /* Products */,
			);
			sourceTree = "<group>";
		};
		62C055252A2E8F980071331F /* Products */ = {
			isa = PBXGroup;
			children = (
				62C055242A2E8F980071331F /* CountingDown.app */,
			);
			name = Products;
			sourceTree = "<group>";
		};
		62C055262A2E8F980071331F /* CountingDown */ = {
			isa = PBXGroup;
			children = (
				62C055272A2E8F980071331F /* AppDelegate.swift */,
				62C055292A2E8F980071331F /* SceneDelegate.swift */,
				62C0552B2A2E8F980071331F /* ViewController.swift */,
				626563782A2EA19C00D45247 /* Manager.swift */,
				6265637A2A2EA45900D45247 /* Event.swift */,
				6265637C2A2EA4A100D45247 /* Task.swift */,
				626563762A2E9EED00D45247 /* EventCollectionViewController.swift */,
				6265637E2A2EB82200D45247 /* EventCollectionViewCell.swift */,
				626563862A341ACB00D45247 /* TaskTableViewCell.swift */,
				626563822A3008B300D45247 /* EventDetailViewController.swift */,
				626563882A34483E00D45247 /* NotificationTableViewController.swift */,
				62C0552D2A2E8F980071331F /* Main.storyboard */,
				62C055302A2E8F990071331F /* Assets.xcassets */,
				62C055322A2E8F990071331F /* LaunchScreen.storyboard */,
				62C055352A2E8F990071331F /* Info.plist */,
			);
			path = CountingDown;
			sourceTree = "<group>";
		};
/* End PBXGroup section */

/* Begin PBXNativeTarget section */
		62C055232A2E8F980071331F /* CountingDown */ = {
			isa = PBXNativeTarget;
			buildConfigurationList = 62C055382A2E8F990071331F /* Build configuration list for PBXNativeTarget "CountingDown" */;
			buildPhases = (
				62C055202A2E8F980071331F /* Sources */,
				62C055212A2E8F980071331F /* Frameworks */,
				62C055222A2E8F980071331F /* Resources */,
			);
			buildRules = (
			);
			dependencies = (
			);
			name = CountingDown;
			productName = CountingDown;
			productReference = 62C055242A2E8F980071331F /* CountingDown.app */;
			productType = "com.apple.product-type.application";
		};
/* End PBXNativeTarget section */

/* Begin PBXProject section */
		62C0551C2A2E8F980071331F /* Project object */ = {
			isa = PBXProject;
			attributes = {
				BuildIndependentTargetsInParallel = 1;
				LastSwiftUpdateCheck = 1430;
				LastUpgradeCheck = 1430;
				TargetAttributes = {
					62C055232A2E8F980071331F = {
						CreatedOnToolsVersion = 14.3;
					};
				};
			};
			buildConfigurationList = 62C0551F2A2E8F980071331F /* Build configuration list for PBXProject "CountingDown" */;
			compatibilityVersion = "Xcode 14.0";
			developmentRegion = en;
			hasScannedForEncodings = 0;
			knownRegions = (
				en,
				Base,
			);
			mainGroup = 62C0551B2A2E8F980071331F;
			productRefGroup = 62C055252A2E8F980071331F /* Products */;
			projectDirPath = "";
			projectRoot = "";
			targets = (
				62C055232A2E8F980071331F /* CountingDown */,
			);
		};
/* End PBXProject section */

/* Begin PBXResourcesBuildPhase section */
		62C055222A2E8F980071331F /* Resources */ = {
			isa = PBXResourcesBuildPhase;
			buildActionMask = 2147483647;
			files = (
				62C055342A2E8F990071331F /* LaunchScreen.storyboard in Resources */,
				62C055312A2E8F990071331F /* Assets.xcassets in Resources */,
				62C0552F2A2E8F980071331F /* Main.storyboard in Resources */,
			);
			runOnlyForDeploymentPostprocessing = 0;
		};
/* End PBXResourcesBuildPhase section */

/* Begin PBXSourcesBuildPhase section */
		62C055202A2E8F980071331F /* Sources */ = {
			isa = PBXSourcesBuildPhase;
			buildActionMask = 2147483647;
			files = (
				62C0552C2A2E8F980071331F /* ViewController.swift in Sources */,
				6265637F2A2EB82200D45247 /* EventCollectionViewCell.swift in Sources */,
				626563872A341ACB00D45247 /* TaskTableViewCell.swift in Sources */,
				62C055282A2E8F980071331F /* AppDelegate.swift in Sources */,
				626563832A3008B300D45247 /* EventDetailViewController.swift in Sources */,
				62C0552A2A2E8F980071331F /* SceneDelegate.swift in Sources */,
				626563892A34483E00D45247 /* NotificationTableViewController.swift in Sources */,
				626563772A2E9EEE00D45247 /* EventCollectionViewController.swift in Sources */,
				6265637B2A2EA45900D45247 /* Event.swift in Sources */,
				6265637D2A2EA4A100D45247 /* Task.swift in Sources */,
				626563792A2EA19C00D45247 /* Manager.swift in Sources */,
			);
			runOnlyForDeploymentPostprocessing = 0;
		};
/* End PBXSourcesBuildPhase section */

/* Begin PBXVariantGroup section */
		62C0552D2A2E8F980071331F /* Main.storyboard */ = {
			isa = PBXVariantGroup;
			children = (
				62C0552E2A2E8F980071331F /* Base */,
			);
			name = Main.storyboard;
			sourceTree = "<group>";
		};
		62C055322A2E8F990071331F /* LaunchScreen.storyboard */ = {
			isa = PBXVariantGroup;
			children = (
				62C055332A2E8F990071331F /* Base */,
			);
			name = LaunchScreen.storyboard;
			sourceTree = "<group>";
		};
/* End PBXVariantGroup section */

/* Begin XCBuildConfiguration section */
		62C055362A2E8F990071331F /* Debug */ = {
			isa = XCBuildConfiguration;
			buildSettings = {
				ALWAYS_SEARCH_USER_PATHS = NO;
				CLANG_ANALYZER_NONNULL = YES;
				CLANG_ANALYZER_NUMBER_OBJECT_CONVERSION = YES_AGGRESSIVE;
				CLANG_CXX_LANGUAGE_STANDARD = "gnu++20";
				CLANG_ENABLE_MODULES = YES;
				CLANG_ENABLE_OBJC_ARC = YES;
				CLANG_ENABLE_OBJC_WEAK = YES;
				CLANG_WARN_BLOCK_CAPTURE_AUTORELEASING = YES;
				CLANG_WARN_BOOL_CONVERSION = YES;
				CLANG_WARN_COMMA = YES;
				CLANG_WARN_CONSTANT_CONVERSION = YES;
				CLANG_WARN_DEPRECATED_OBJC_IMPLEMENTATIONS = YES;
				CLANG_WARN_DIRECT_OBJC_ISA_USAGE = YES_ERROR;
				CLANG_WARN_DOCUMENTATION_COMMENTS = YES;
				CLANG_WARN_EMPTY_BODY = YES;
				CLANG_WARN_ENUM_CONVERSION = YES;
				CLANG_WARN_INFINITE_RECURSION = YES;
				CLANG_WARN_INT_CONVERSION = YES;
				CLANG_WARN_NON_LITERAL_NULL_CONVERSION = YES;
				CLANG_WARN_OBJC_IMPLICIT_RETAIN_SELF = YES;
				CLANG_WARN_OBJC_LITERAL_CONVERSION = YES;
				CLANG_WARN_OBJC_ROOT_CLASS = YES_ERROR;
				CLANG_WARN_QUOTED_INCLUDE_IN_FRAMEWORK_HEADER = YES;
				CLANG_WARN_RANGE_LOOP_ANALYSIS = YES;
				CLANG_WARN_STRICT_PROTOTYPES = YES;
				CLANG_WARN_SUSPICIOUS_MOVE = YES;
				CLANG_WARN_UNGUARDED_AVAILABILITY = YES_AGGRESSIVE;
				CLANG_WARN_UNREACHABLE_CODE = YES;
				CLANG_WARN__DUPLICATE_METHOD_MATCH = YES;
				COPY_PHASE_STRIP = NO;
				DEBUG_INFORMATION_FORMAT = dwarf;
				ENABLE_STRICT_OBJC_MSGSEND = YES;
				ENABLE_TESTABILITY = YES;
				GCC_C_LANGUAGE_STANDARD = gnu11;
				GCC_DYNAMIC_NO_PIC = NO;
				GCC_NO_COMMON_BLOCKS = YES;
				GCC_OPTIMIZATION_LEVEL = 0;
				GCC_PREPROCESSOR_DEFINITIONS = (
					"DEBUG=1",
					"$(inherited)",
				);
				GCC_WARN_64_TO_32_BIT_CONVERSION = YES;
				GCC_WARN_ABOUT_RETURN_TYPE = YES_ERROR;
				GCC_WARN_UNDECLARED_SELECTOR = YES;
				GCC_WARN_UNINITIALIZED_AUTOS = YES_AGGRESSIVE;
				GCC_WARN_UNUSED_FUNCTION = YES;
				GCC_WARN_UNUSED_VARIABLE = YES;
				IPHONEOS_DEPLOYMENT_TARGET = 16.4;
				MTL_ENABLE_DEBUG_INFO = INCLUDE_SOURCE;
				MTL_FAST_MATH = YES;
				ONLY_ACTIVE_ARCH = YES;
				SDKROOT = iphoneos;
				SWIFT_ACTIVE_COMPILATION_CONDITIONS = DEBUG;
				SWIFT_OPTIMIZATION_LEVEL = "-Onone";
			};
			name = Debug;
		};
		62C055372A2E8F990071331F /* Release */ = {
			isa = XCBuildConfiguration;
			buildSettings = {
				ALWAYS_SEARCH_USER_PATHS = NO;
				CLANG_ANALYZER_NONNULL = YES;
				CLANG_ANALYZER_NUMBER_OBJECT_CONVERSION = YES_AGGRESSIVE;
				CLANG_CXX_LANGUAGE_STANDARD = "gnu++20";
				CLANG_ENABLE_MODULES = YES;
				CLANG_ENABLE_OBJC_ARC = YES;
				CLANG_ENABLE_OBJC_WEAK = YES;
				CLANG_WARN_BLOCK_CAPTURE_AUTORELEASING = YES;
				CLANG_WARN_BOOL_CONVERSION = YES;
				CLANG_WARN_COMMA = YES;
				CLANG_WARN_CONSTANT_CONVERSION = YES;
				CLANG_WARN_DEPRECATED_OBJC_IMPLEMENTATIONS = YES;
				CLANG_WARN_DIRECT_OBJC_ISA_USAGE = YES_ERROR;
				CLANG_WARN_DOCUMENTATION_COMMENTS = YES;
				CLANG_WARN_EMPTY_BODY = YES;
				CLANG_WARN_ENUM_CONVERSION = YES;
				CLANG_WARN_INFINITE_RECURSION = YES;
				CLANG_WARN_INT_CONVERSION = YES;
				CLANG_WARN_NON_LITERAL_NULL_CONVERSION = YES;
				CLANG_WARN_OBJC_IMPLICIT_RETAIN_SELF = YES;
				CLANG_WARN_OBJC_LITERAL_CONVERSION = YES;
				CLANG_WARN_OBJC_ROOT_CLASS = YES_ERROR;
				CLANG_WARN_QUOTED_INCLUDE_IN_FRAMEWORK_HEADER = YES;
				CLANG_WARN_RANGE_LOOP_ANALYSIS = YES;
				CLANG_WARN_STRICT_PROTOTYPES = YES;
				CLANG_WARN_SUSPICIOUS_MOVE = YES;
				CLANG_WARN_UNGUARDED_AVAILABILITY = YES_AGGRESSIVE;
				CLANG_WARN_UNREACHABLE_CODE = YES;
				CLANG_WARN__DUPLICATE_METHOD_MATCH = YES;
				COPY_PHASE_STRIP = NO;
				DEBUG_INFORMATION_FORMAT = "dwarf-with-dsym";
				ENABLE_NS_ASSERTIONS = NO;
				ENABLE_STRICT_OBJC_MSGSEND = YES;
				GCC_C_LANGUAGE_STANDARD = gnu11;
				GCC_NO_COMMON_BLOCKS = YES;
				GCC_WARN_64_TO_32_BIT_CONVERSION = YES;
				GCC_WARN_ABOUT_RETURN_TYPE = YES_ERROR;
				GCC_WARN_UNDECLARED_SELECTOR = YES;
				GCC_WARN_UNINITIALIZED_AUTOS = YES_AGGRESSIVE;
				GCC_WARN_UNUSED_FUNCTION = YES;
				GCC_WARN_UNUSED_VARIABLE = YES;
				IPHONEOS_DEPLOYMENT_TARGET = 16.4;
				MTL_ENABLE_DEBUG_INFO = NO;
				MTL_FAST_MATH = YES;
				SDKROOT = iphoneos;
				SWIFT_COMPILATION_MODE = wholemodule;
				SWIFT_OPTIMIZATION_LEVEL = "-O";
				VALIDATE_PRODUCT = YES;
			};
			name = Release;
		};
		62C055392A2E8F990071331F /* Debug */ = {
			isa = XCBuildConfiguration;
			buildSettings = {
				ASSETCATALOG_COMPILER_APPICON_NAME = AppIcon;
				ASSETCATALOG_COMPILER_GLOBAL_ACCENT_COLOR_NAME = AccentColor;
				CODE_SIGN_STYLE = Automatic;
				CURRENT_PROJECT_VERSION = 1;
				DEVELOPMENT_TEAM = B6QF5VZUBU;
				GENERATE_INFOPLIST_FILE = YES;
				INFOPLIST_FILE = CountingDown/Info.plist;
				INFOPLIST_KEY_UIApplicationSupportsIndirectInputEvents = YES;
				INFOPLIST_KEY_UILaunchStoryboardName = LaunchScreen;
				INFOPLIST_KEY_UIMainStoryboardFile = Main;
				INFOPLIST_KEY_UISupportedInterfaceOrientations_iPad = "UIInterfaceOrientationPortrait UIInterfaceOrientationPortraitUpsideDown UIInterfaceOrientationLandscapeLeft UIInterfaceOrientationLandscapeRight";
				INFOPLIST_KEY_UISupportedInterfaceOrientations_iPhone = "UIInterfaceOrientationPortrait UIInterfaceOrientationLandscapeLeft UIInterfaceOrientationLandscapeRight";
				LD_RUNPATH_SEARCH_PATHS = (
					"$(inherited)",
					"@executable_path/Frameworks",
				);
				MARKETING_VERSION = 1.0;
				PRODUCT_BUNDLE_IDENTIFIER = com.DragonBox.CountingDown;
				PRODUCT_NAME = "$(TARGET_NAME)";
				SWIFT_EMIT_LOC_STRINGS = YES;
				SWIFT_VERSION = 5.0;
				TARGETED_DEVICE_FAMILY = "1,2";
			};
			name = Debug;
		};
		62C0553A2A2E8F990071331F /* Release */ = {
			isa = XCBuildConfiguration;
			buildSettings = {
				ASSETCATALOG_COMPILER_APPICON_NAME = AppIcon;
				ASSETCATALOG_COMPILER_GLOBAL_ACCENT_COLOR_NAME = AccentColor;
				CODE_SIGN_STYLE = Automatic;
				CURRENT_PROJECT_VERSION = 1;
				DEVELOPMENT_TEAM = B6QF5VZUBU;
				GENERATE_INFOPLIST_FILE = YES;
				INFOPLIST_FILE = CountingDown/Info.plist;
				INFOPLIST_KEY_UIApplicationSupportsIndirectInputEvents = YES;
				INFOPLIST_KEY_UILaunchStoryboardName = LaunchScreen;
				INFOPLIST_KEY_UIMainStoryboardFile = Main;
				INFOPLIST_KEY_UISupportedInterfaceOrientations_iPad = "UIInterfaceOrientationPortrait UIInterfaceOrientationPortraitUpsideDown UIInterfaceOrientationLandscapeLeft UIInterfaceOrientationLandscapeRight";
				INFOPLIST_KEY_UISupportedInterfaceOrientations_iPhone = "UIInterfaceOrientationPortrait UIInterfaceOrientationLandscapeLeft UIInterfaceOrientationLandscapeRight";
				LD_RUNPATH_SEARCH_PATHS = (
					"$(inherited)",
					"@executable_path/Frameworks",
				);
				MARKETING_VERSION = 1.0;
				PRODUCT_BUNDLE_IDENTIFIER = com.DragonBox.CountingDown;
				PRODUCT_NAME = "$(TARGET_NAME)";
				SWIFT_EMIT_LOC_STRINGS = YES;
				SWIFT_VERSION = 5.0;
				TARGETED_DEVICE_FAMILY = "1,2";
			};
			name = Release;
		};
/* End XCBuildConfiguration section */

/* Begin XCConfigurationList section */
		62C0551F2A2E8F980071331F /* Build configuration list for PBXProject "CountingDown" */ = {
			isa = XCConfigurationList;
			buildConfigurations = (
				62C055362A2E8F990071331F /* Debug */,
				62C055372A2E8F990071331F /* Release */,
			);
			defaultConfigurationIsVisible = 0;
			defaultConfigurationName = Release;
		};
		62C055382A2E8F990071331F /* Build configuration list for PBXNativeTarget "CountingDown" */ = {
			isa = XCConfigurationList;
			buildConfigurations = (
				62C055392A2E8F990071331F /* Debug */,
				62C0553A2A2E8F990071331F /* Release */,
			);
			defaultConfigurationIsVisible = 0;
			defaultConfigurationName = Release;
		};
/* End XCConfigurationList section */
	};
	rootObject = 62C0551C2A2E8F980071331F /* Project object */;
}
